<?xml version="1.0" encoding="utf-8"?>
<Project ToolsVersion="4.0" xmlns="http://schemas.microsoft.com/developer/msbuild/2003">
  <ItemGroup>
    <Filter Include="win32">
      <UniqueIdentifier>{84a8ebd7-7cf0-47f6-b75e-d441df67da40}</UniqueIdentifier>
    </Filter>
    <Filter Include="Classes">
      <UniqueIdentifier>{bb6c862e-70e9-49d9-81b7-3829a6f50471}</UniqueIdentifier>
    </Filter>
    <Filter Include="resource">
      <UniqueIdentifier>{715254bc-d70b-4ec5-bf29-467dd3ace079}</UniqueIdentifier>
    </Filter>
    <Filter Include="Classes\Tools">
      <UniqueIdentifier>{2ef58a01-88f2-4018-b1b2-cefd49906ef1}</UniqueIdentifier>
    </Filter>
    <Filter Include="Classes\Scene">
      <UniqueIdentifier>{0d366a23-e72b-4ee7-bac5-a01cca235ab3}</UniqueIdentifier>
    </Filter>
    <Filter Include="Classes\Rage">
      <UniqueIdentifier>{986d449f-dc70-41c5-8a29-19a4f09e0866}</UniqueIdentifier>
    </Filter>
    <Filter Include="Classes\View">
      <UniqueIdentifier>{7e137d14-aa8b-4da4-a254-75d914bce6bd}</UniqueIdentifier>
    </Filter>
    <Filter Include="Classes\View\WorldMap">
      <UniqueIdentifier>{40874f04-e091-4061-8cb6-40af7d1af2ce}</UniqueIdentifier>
    </Filter>
    <Filter Include="Classes\View\RegionMap">
      <UniqueIdentifier>{0405fe8a-0f10-4dfb-a8b8-f7b0af7c56d1}</UniqueIdentifier>
    </Filter>
  </ItemGroup>
  <ItemGroup>
    <ClCompile Include="main.cpp">
      <Filter>win32</Filter>
    </ClCompile>
    <ClCompile Include="..\Classes\AppDelegate.cpp">
      <Filter>Classes</Filter>
    </ClCompile>
    <ClCompile Include="..\Classes\Tools\PPoint.cpp">
      <Filter>Classes\Tools</Filter>
    </ClCompile>
    <ClCompile Include="..\Classes\Tools\Rage.cpp">
      <Filter>Classes\Tools</Filter>
    </ClCompile>
    <ClCompile Include="..\Classes\Tools\Scroller.cpp">
      <Filter>Classes\Tools</Filter>
    </ClCompile>
    <ClCompile Include="..\Classes\Scene\AuthorizationScene.cpp">
      <Filter>Classes\Scene</Filter>
    </ClCompile>
    <ClCompile Include="..\Classes\Scene\LogoScene.cpp">
      <Filter>Classes\Scene</Filter>
    </ClCompile>
    <ClCompile Include="..\Classes\Scene\MainScene.cpp">
      <Filter>Classes\Scene</Filter>
    </ClCompile>
    <ClCompile Include="..\Classes\Rage\ChatRage.cpp">
      <Filter>Classes\Rage</Filter>
    </ClCompile>
    <ClCompile Include="..\Classes\Rage\ProfilRage.cpp">
      <Filter>Classes\Rage</Filter>
    </ClCompile>
    <ClCompile Include="..\Classes\Rage\WorldRage.cpp">
      <Filter>Classes\Rage</Filter>
    </ClCompile>
    <ClCompile Include="..\Classes\View\MenuView.cpp">
      <Filter>Classes\View</Filter>
    </ClCompile>
    <ClCompile Include="..\Classes\View\RegionMap\FonRegionMap.cpp">
      <Filter>Classes\View\RegionMap</Filter>
    </ClCompile>
    <ClCompile Include="..\Classes\View\RegionMap\RegionMapObject.cpp">
      <Filter>Classes\View\RegionMap</Filter>
    </ClCompile>
    <ClCompile Include="..\Classes\View\RegionMap\RegionMapView.cpp">
      <Filter>Classes\View\RegionMap</Filter>
    </ClCompile>
    <ClCompile Include="..\Classes\View\WorldMap\InterfaceWorldView.cpp">
      <Filter>Classes\View\WorldMap</Filter>
    </ClCompile>
    <ClCompile Include="..\Classes\View\WorldMap\WorldMap.cpp">
      <Filter>Classes\View\WorldMap</Filter>
    </ClCompile>
    <ClCompile Include="..\Classes\View\WorldMap\WorldMapView.cpp">
      <Filter>Classes\View\WorldMap</Filter>
    </ClCompile>
    <ClCompile Include="..\Classes\Tools\Ractangle.cpp">
      <Filter>Classes\Tools</Filter>
    </ClCompile>
    <ClCompile Include="..\Classes\View\RegionMap\RegionMapLoad.cpp">
      <Filter>Classes\View\RegionMap</Filter>
    </ClCompile>
  </ItemGroup>
  <ItemGroup>
    <ClInclude Include="main.h">
      <Filter>win32</Filter>
    </ClInclude>
    <ClInclude Include="..\Classes\AppDelegate.h">
      <Filter>Classes</Filter>
    </ClInclude>
    <ClInclude Include="..\Classes\Tools\List.h">
      <Filter>Classes\Tools</Filter>
    </ClInclude>
    <ClInclude Include="..\Classes\Tools\PPoint.h">
      <Filter>Classes\Tools</Filter>
    </ClInclude>
    <ClInclude Include="..\Classes\Tools\Rage.h">
      <Filter>Classes\Tools</Filter>
    </ClInclude>
    <ClInclude Include="..\Classes\Tools\Scroller.h">
      <Filter>Classes\Tools</Filter>
    </ClInclude>
    <ClInclude Include="..\Classes\Scene\AuthorizationScene.h">
      <Filter>Classes\Scene</Filter>
    </ClInclude>
    <ClInclude Include="..\Classes\Scene\LogoScene.h">
      <Filter>Classes\Scene</Filter>
    </ClInclude>
    <ClInclude Include="..\Classes\Scene\MainScene.h">
      <Filter>Classes\Scene</Filter>
    </ClInclude>
    <ClInclude Include="..\Classes\Rage\ChatRage.h">
      <Filter>Classes\Rage</Filter>
    </ClInclude>
    <ClInclude Include="..\Classes\Rage\ProfilRage.h">
      <Filter>Classes\Rage</Filter>
    </ClInclude>
    <ClInclude Include="..\Classes\Rage\WorldRage.h">
      <Filter>Classes\Rage</Filter>
    </ClInclude>
    <ClInclude Include="..\Classes\View\MenuView.h">
      <Filter>Classes\View</Filter>
    </ClInclude>
    <ClInclude Include="..\Classes\View\RegionMap\FonRegionMap.h">
      <Filter>Classes\View\RegionMap</Filter>
    </ClInclude>
    <ClInclude Include="..\Classes\View\RegionMap\RegionMapDate.h">
      <Filter>Classes\View\RegionMap</Filter>
    </ClInclude>
    <ClInclude Include="..\Classes\View\RegionMap\RegionMapObject.h">
      <Filter>Classes\View\RegionMap</Filter>
    </ClInclude>
    <ClInclude Include="..\Classes\View\RegionMap\RegionMapView.h">
      <Filter>Classes\View\RegionMap</Filter>
    </ClInclude>
    <ClInclude Include="..\Classes\View\WorldMap\InterfaceWorldView.h">
      <Filter>Classes\View\WorldMap</Filter>
    </ClInclude>
    <ClInclude Include="..\Classes\View\WorldMap\WorldMap.h">
      <Filter>Classes\View\WorldMap</Filter>
    </ClInclude>
    <ClInclude Include="..\Classes\View\WorldMap\WorldMapView.h">
      <Filter>Classes\View\WorldMap</Filter>
    </ClInclude>
    <ClInclude Include="..\Classes\Tools\Ractangle.h">
      <Filter>Classes\Tools</Filter>
    </ClInclude>
    <ClInclude Include="..\Classes\View\RegionMap\RegionMapLoad.h">
      <Filter>Classes\View\RegionMap</Filter>
    </ClInclude>
  </ItemGroup>
  <ItemGroup>
    <ResourceCompile Include="game.rc">
      <Filter>resource</Filter>
    </ResourceCompile>
  </ItemGroup>
</Project>